
Microsoft Visual Studio Solution File, Format Version 12.00
# Visual Studio Version 17
VisualStudioVersion = 17.3.32929.385
MinimumVisualStudioVersion = 10.0.40219.1
Project("{9A19103F-16F7-4668-BE54-9A1E7A4F7556}") = "Stage0", "Stage0\Stage0.csproj", "{92BED00F-5302-4EF8-8BA0-001D1ECFB43E}"
EndProject
Project("{2150E333-8FDC-42A3-9474-1A3956D46DE8}") = "Solution Items", "Solution Items", "{350DD5F7-DB81-4D81-9058-F07D5F727F57}"
	ProjectSection(SolutionItems) = preProject
		BL\BlImplementation\Order.cs = BL\BlImplementation\Order.cs
		..\README.md = ..\README.md
	EndProjectSection
EndProject
Project("{9A19103F-16F7-4668-BE54-9A1E7A4F7556}") = "DalFacade", "DalFacade\DalFacade.csproj", "{586AC191-2560-476C-BCA3-D989D4968646}"
EndProject
Project("{9A19103F-16F7-4668-BE54-9A1E7A4F7556}") = "DalList", "DalList\DalList.csproj", "{D5E35643-529B-442A-B708-77C10CFAAE47}"
EndProject
Project("{9A19103F-16F7-4668-BE54-9A1E7A4F7556}") = "DalTest", "DalTest\DalTest.csproj", "{D1FA7F5B-5E71-48A5-8B78-4FD19A2BCB33}"
EndProject
Project("{9A19103F-16F7-4668-BE54-9A1E7A4F7556}") = "BL", "BL\BL.csproj", "{1DC493FD-F950-428E-A90C-9B7A8EAE921F}"
EndProject
Project("{9A19103F-16F7-4668-BE54-9A1E7A4F7556}") = "BlTest", "BlTest\BlTest.csproj", "{FDBE30AB-FB88-438C-8EAB-B70726DE4FF2}"
EndProject
Project("{9A19103F-16F7-4668-BE54-9A1E7A4F7556}") = "PL", "PL\PL.csproj", "{04C66208-3C3F-41F3-AD65-D45C8C667512}"
EndProject
Project("{2150E333-8FDC-42A3-9474-1A3956D46DE8}") = "xml", "xml", "{9181DB88-9D3A-4E2A-BC32-C108C2201363}"
	ProjectSection(SolutionItems) = preProject
		xml\dal-config.xml = xml\dal-config.xml
	EndProjectSection
EndProject
Project("{2150E333-8FDC-42A3-9474-1A3956D46DE8}") = "pics", "pics", "{7DC69C5E-797D-4775-9F27-7C48322A6EE3}"
	ProjectSection(SolutionItems) = preProject
		pics\IMGBlender-Brush.jpg = pics\IMGBlender-Brush.jpg
		pics\IMGBlush-Brush.jpg = pics\IMGBlush-Brush.jpg
		pics\IMGBlush.jpg = pics\IMGBlush.jpg
		pics\IMGBrush-Set.jpg = pics\IMGBrush-Set.jpg
		pics\IMGConcealer.jpg = pics\IMGConcealer.jpg
		pics\IMGEye-Patches.jpg = pics\IMGEye-Patches.jpg
		pics\IMGEyelash-Curler.jpg = pics\IMGEyelash-Curler.jpg
		pics\IMGEyeLiner.jpg = pics\IMGEyeLiner.jpg
		pics\IMGEyeshadow-Brush.jpg = pics\IMGEyeshadow-Brush.jpg
		pics\IMGEyeshadow-Palette.jpg = pics\IMGEyeshadow-Palette.jpg
		pics\IMGFace-Mask.jpg = pics\IMGFace-Mask.jpg
		pics\IMGFix.jpg = pics\IMGFix.jpg
		pics\IMGFoundation.jpg = pics\IMGFoundation.jpg
		pics\IMGGloss.jpg = pics\IMGGloss.jpg
		pics\IMGLip-Liner.jpg = pics\IMGLip-Liner.jpg
		pics\IMGLip-Scrub.jpg = pics\IMGLip-Scrub.jpg
		pics\IMGLipStick.jpg = pics\IMGLipStick.jpg
		pics\IMGMakeup-Wipes.jpg = pics\IMGMakeup-Wipes.jpg
		pics\IMGMascara.jpg = pics\IMGMascara.jpg
		pics\IMGMoisturizer.jpg = pics\IMGMoisturizer.jpg
		pics\IMGNotFound.jpg = pics\IMGNotFound.jpg
	EndProjectSection
EndProject
Global
	GlobalSection(SolutionConfigurationPlatforms) = preSolution
		Debug|Any CPU = Debug|Any CPU
		Release|Any CPU = Release|Any CPU
	EndGlobalSection
	GlobalSection(ProjectConfigurationPlatforms) = postSolution
		{92BED00F-5302-4EF8-8BA0-001D1ECFB43E}.Debug|Any CPU.ActiveCfg = Debug|Any CPU
		{92BED00F-5302-4EF8-8BA0-001D1ECFB43E}.Debug|Any CPU.Build.0 = Debug|Any CPU
		{92BED00F-5302-4EF8-8BA0-001D1ECFB43E}.Release|Any CPU.ActiveCfg = Release|Any CPU
		{92BED00F-5302-4EF8-8BA0-001D1ECFB43E}.Release|Any CPU.Build.0 = Release|Any CPU
		{586AC191-2560-476C-BCA3-D989D4968646}.Debug|Any CPU.ActiveCfg = Debug|Any CPU
		{586AC191-2560-476C-BCA3-D989D4968646}.Debug|Any CPU.Build.0 = Debug|Any CPU
		{586AC191-2560-476C-BCA3-D989D4968646}.Release|Any CPU.ActiveCfg = Release|Any CPU
		{586AC191-2560-476C-BCA3-D989D4968646}.Release|Any CPU.Build.0 = Release|Any CPU
		{D5E35643-529B-442A-B708-77C10CFAAE47}.Debug|Any CPU.ActiveCfg = Debug|Any CPU
		{D5E35643-529B-442A-B708-77C10CFAAE47}.Debug|Any CPU.Build.0 = Debug|Any CPU
		{D5E35643-529B-442A-B708-77C10CFAAE47}.Release|Any CPU.ActiveCfg = Release|Any CPU
		{D5E35643-529B-442A-B708-77C10CFAAE47}.Release|Any CPU.Build.0 = Release|Any CPU
		{D1FA7F5B-5E71-48A5-8B78-4FD19A2BCB33}.Debug|Any CPU.ActiveCfg = Debug|Any CPU
		{D1FA7F5B-5E71-48A5-8B78-4FD19A2BCB33}.Debug|Any CPU.Build.0 = Debug|Any CPU
		{D1FA7F5B-5E71-48A5-8B78-4FD19A2BCB33}.Release|Any CPU.ActiveCfg = Release|Any CPU
		{D1FA7F5B-5E71-48A5-8B78-4FD19A2BCB33}.Release|Any CPU.Build.0 = Release|Any CPU
		{1DC493FD-F950-428E-A90C-9B7A8EAE921F}.Debug|Any CPU.ActiveCfg = Debug|Any CPU
		{1DC493FD-F950-428E-A90C-9B7A8EAE921F}.Debug|Any CPU.Build.0 = Debug|Any CPU
		{1DC493FD-F950-428E-A90C-9B7A8EAE921F}.Release|Any CPU.ActiveCfg = Release|Any CPU
		{1DC493FD-F950-428E-A90C-9B7A8EAE921F}.Release|Any CPU.Build.0 = Release|Any CPU
		{FDBE30AB-FB88-438C-8EAB-B70726DE4FF2}.Debug|Any CPU.ActiveCfg = Debug|Any CPU
		{FDBE30AB-FB88-438C-8EAB-B70726DE4FF2}.Debug|Any CPU.Build.0 = Debug|Any CPU
		{FDBE30AB-FB88-438C-8EAB-B70726DE4FF2}.Release|Any CPU.ActiveCfg = Release|Any CPU
		{FDBE30AB-FB88-438C-8EAB-B70726DE4FF2}.Release|Any CPU.Build.0 = Release|Any CPU
		{04C66208-3C3F-41F3-AD65-D45C8C667512}.Debug|Any CPU.ActiveCfg = Debug|Any CPU
		{04C66208-3C3F-41F3-AD65-D45C8C667512}.Debug|Any CPU.Build.0 = Debug|Any CPU
		{04C66208-3C3F-41F3-AD65-D45C8C667512}.Release|Any CPU.ActiveCfg = Release|Any CPU
		{04C66208-3C3F-41F3-AD65-D45C8C667512}.Release|Any CPU.Build.0 = Release|Any CPU
	EndGlobalSection
	GlobalSection(SolutionProperties) = preSolution
		HideSolutionNode = FALSE
	EndGlobalSection
	GlobalSection(ExtensibilityGlobals) = postSolution
		SolutionGuid = {4835D435-8A48-49C0-94D8-6977310A22C6}
	EndGlobalSection
EndGlobal
